
Microsoft Visual Studio Solution File, Format Version 12.00
# Visual Studio Version 17
VisualStudioVersion = 17.11.35303.130
MinimumVisualStudioVersion = 10.0.40219.1
Project("{FAE04EC0-301F-11D3-BF4B-00C04F79EFBC}") = "C# to Java", "C# to Java\C# to Java.csproj", "{7CBA8F24-03B5-4A5B-9E44-C3FC41D94A96}"
EndProject
Global
	GlobalSection(SolutionConfigurationPlatforms) = preSolution
		Debug|Any CPU = Debug|Any CPU
		Release|Any CPU = Release|Any CPU
	EndGlobalSection
	GlobalSection(ProjectConfigurationPlatforms) = postSolution
		{7CBA8F24-03B5-4A5B-9E44-C3FC41D94A96}.Debug|Any CPU.ActiveCfg = Debug|Any CPU
		{7CBA8F24-03B5-4A5B-9E44-C3FC41D94A96}.Debug|Any CPU.Build.0 = Debug|Any CPU
		{7CBA8F24-03B5-4A5B-9E44-C3FC41D94A96}.Release|Any CPU.ActiveCfg = Release|Any CPU
		{7CBA8F24-03B5-4A5B-9E44-C3FC41D94A96}.Release|Any CPU.Build.0 = Release|Any CPU
	EndGlobalSection
	GlobalSection(SolutionProperties) = preSolution
		HideSolutionNode = FALSE
	EndGlobalSection
	GlobalSection(ExtensibilityGlobals) = postSolution
		SolutionGuid = {99B4F3AD-22DC-4127-BD9D-0243438F14A9}
	EndGlobalSection
EndGlobal
